
Microsoft Visual Studio Solution File, Format Version 12.00
# Visual Studio Version 16
VisualStudioVersion = 16.0.29006.145
MinimumVisualStudioVersion = 10.0.40219.1
Project("{9A19103F-16F7-4668-BE54-9A1E7A4F7556}") = "Coosu.Api", "Coosu.Api\Coosu.Api.csproj", "{3108AE4A-DE35-40AE-A449-1EFB9719367D}"
EndProject
Project("{9A19103F-16F7-4668-BE54-9A1E7A4F7556}") = "Coosu.Storyboard", "Coosu.Storyboard\Coosu.Storyboard.csproj", "{F00C90FF-1F1A-45C3-BE84-EA675D026364}"
EndProject
Project("{9A19103F-16F7-4668-BE54-9A1E7A4F7556}") = "Coosu.Beatmap", "Coosu.Beatmap\Coosu.Beatmap.csproj", "{ECD686A3-083E-4BAD-967E-40F7467D7CF0}"
EndProject
Project("{9A19103F-16F7-4668-BE54-9A1E7A4F7556}") = "CoosuUnitTest", "Tests\CoosuUnitTest\CoosuUnitTest.csproj", "{0D4E6714-6953-4463-A8DA-EFD9EBD0E581}"
EndProject
Project("{9A19103F-16F7-4668-BE54-9A1E7A4F7556}") = "Coosu.Shared", "Coosu.Shared\Coosu.Shared.csproj", "{14A79D62-96D7-4A1C-92B1-5148558C1108}"
EndProject
Project("{FAE04EC0-301F-11D3-BF4B-00C04F79EFBC}") = "Coosu.Animation", "Coosu.Animation\Coosu.Animation.csproj", "{8C9A6BFA-FCA2-469F-A5C9-EAC668745D92}"
EndProject
Project("{FAE04EC0-301F-11D3-BF4B-00C04F79EFBC}") = "Coosu.Animation.WPF", "Coosu.Animation.WPF\Coosu.Animation.WPF.csproj", "{D4FE7218-975E-40FC-BDE7-67AA16AF4840}"
EndProject
Project("{9A19103F-16F7-4668-BE54-9A1E7A4F7556}") = "CoosuTest", "Tests\CoosuTest\CoosuTest.csproj", "{10177DA6-386D-46E9-B991-716A67773240}"
EndProject
Project("{9A19103F-16F7-4668-BE54-9A1E7A4F7556}") = "Coosu.Storyboard.OsbX", "Coosu.Storyboard.OsbX\Coosu.Storyboard.OsbX.csproj", "{4851D011-B66F-422B-B7E1-C12E3E0C2E22}"
EndProject
Project("{2150E333-8FDC-42A3-9474-1A3956D46DE8}") = "Tests", "Tests", "{020FD699-A91C-4AD7-9AC7-FC69BD65D51E}"
EndProject
Project("{9A19103F-16F7-4668-BE54-9A1E7A4F7556}") = "Coosu.Storyboard.Extensions", "Coosu.Storyboard.Extensions\Coosu.Storyboard.Extensions.csproj", "{7B7C3BF2-72E5-4D18-99B7-EE33AD516F80}"
EndProject
Project("{FAE04EC0-301F-11D3-BF4B-00C04F79EFBC}") = "ParsingPerformanceTest", "Tests\ParsingPerformanceTest\ParsingPerformanceTest.csproj", "{EB1E4AF8-5C13-450D-9B61-64AA11021695}"
EndProject
Global
	GlobalSection(SolutionConfigurationPlatforms) = preSolution
		Debug|Any CPU = Debug|Any CPU
		Release|Any CPU = Release|Any CPU
	EndGlobalSection
	GlobalSection(ProjectConfigurationPlatforms) = postSolution
		{3108AE4A-DE35-40AE-A449-1EFB9719367D}.Debug|Any CPU.ActiveCfg = Debug|Any CPU
		{3108AE4A-DE35-40AE-A449-1EFB9719367D}.Debug|Any CPU.Build.0 = Debug|Any CPU
		{3108AE4A-DE35-40AE-A449-1EFB9719367D}.Release|Any CPU.ActiveCfg = Release|Any CPU
		{3108AE4A-DE35-40AE-A449-1EFB9719367D}.Release|Any CPU.Build.0 = Release|Any CPU
		{F00C90FF-1F1A-45C3-BE84-EA675D026364}.Debug|Any CPU.ActiveCfg = Debug|Any CPU
		{F00C90FF-1F1A-45C3-BE84-EA675D026364}.Debug|Any CPU.Build.0 = Debug|Any CPU
		{F00C90FF-1F1A-45C3-BE84-EA675D026364}.Release|Any CPU.ActiveCfg = Release|Any CPU
		{F00C90FF-1F1A-45C3-BE84-EA675D026364}.Release|Any CPU.Build.0 = Release|Any CPU
		{ECD686A3-083E-4BAD-967E-40F7467D7CF0}.Debug|Any CPU.ActiveCfg = Debug|Any CPU
		{ECD686A3-083E-4BAD-967E-40F7467D7CF0}.Debug|Any CPU.Build.0 = Debug|Any CPU
		{ECD686A3-083E-4BAD-967E-40F7467D7CF0}.Release|Any CPU.ActiveCfg = Release|Any CPU
		{ECD686A3-083E-4BAD-967E-40F7467D7CF0}.Release|Any CPU.Build.0 = Release|Any CPU
		{0D4E6714-6953-4463-A8DA-EFD9EBD0E581}.Debug|Any CPU.ActiveCfg = Debug|Any CPU
		{0D4E6714-6953-4463-A8DA-EFD9EBD0E581}.Debug|Any CPU.Build.0 = Debug|Any CPU
		{0D4E6714-6953-4463-A8DA-EFD9EBD0E581}.Release|Any CPU.ActiveCfg = Release|Any CPU
		{0D4E6714-6953-4463-A8DA-EFD9EBD0E581}.Release|Any CPU.Build.0 = Release|Any CPU
		{14A79D62-96D7-4A1C-92B1-5148558C1108}.Debug|Any CPU.ActiveCfg = Debug|Any CPU
		{14A79D62-96D7-4A1C-92B1-5148558C1108}.Debug|Any CPU.Build.0 = Debug|Any CPU
		{14A79D62-96D7-4A1C-92B1-5148558C1108}.Release|Any CPU.ActiveCfg = Release|Any CPU
		{14A79D62-96D7-4A1C-92B1-5148558C1108}.Release|Any CPU.Build.0 = Release|Any CPU
		{8C9A6BFA-FCA2-469F-A5C9-EAC668745D92}.Debug|Any CPU.ActiveCfg = Debug|Any CPU
		{8C9A6BFA-FCA2-469F-A5C9-EAC668745D92}.Debug|Any CPU.Build.0 = Debug|Any CPU
		{8C9A6BFA-FCA2-469F-A5C9-EAC668745D92}.Release|Any CPU.ActiveCfg = Release|Any CPU
		{8C9A6BFA-FCA2-469F-A5C9-EAC668745D92}.Release|Any CPU.Build.0 = Release|Any CPU
		{D4FE7218-975E-40FC-BDE7-67AA16AF4840}.Debug|Any CPU.ActiveCfg = Debug|Any CPU
		{D4FE7218-975E-40FC-BDE7-67AA16AF4840}.Debug|Any CPU.Build.0 = Debug|Any CPU
		{D4FE7218-975E-40FC-BDE7-67AA16AF4840}.Release|Any CPU.ActiveCfg = Release|Any CPU
		{D4FE7218-975E-40FC-BDE7-67AA16AF4840}.Release|Any CPU.Build.0 = Release|Any CPU
		{10177DA6-386D-46E9-B991-716A67773240}.Debug|Any CPU.ActiveCfg = Debug|Any CPU
		{10177DA6-386D-46E9-B991-716A67773240}.Debug|Any CPU.Build.0 = Debug|Any CPU
		{10177DA6-386D-46E9-B991-716A67773240}.Release|Any CPU.ActiveCfg = Release|Any CPU
		{10177DA6-386D-46E9-B991-716A67773240}.Release|Any CPU.Build.0 = Release|Any CPU
		{4851D011-B66F-422B-B7E1-C12E3E0C2E22}.Debug|Any CPU.ActiveCfg = Debug|Any CPU
		{4851D011-B66F-422B-B7E1-C12E3E0C2E22}.Debug|Any CPU.Build.0 = Debug|Any CPU
		{4851D011-B66F-422B-B7E1-C12E3E0C2E22}.Release|Any CPU.ActiveCfg = Release|Any CPU
		{4851D011-B66F-422B-B7E1-C12E3E0C2E22}.Release|Any CPU.Build.0 = Release|Any CPU
		{7B7C3BF2-72E5-4D18-99B7-EE33AD516F80}.Debug|Any CPU.ActiveCfg = Debug|Any CPU
		{7B7C3BF2-72E5-4D18-99B7-EE33AD516F80}.Debug|Any CPU.Build.0 = Debug|Any CPU
		{7B7C3BF2-72E5-4D18-99B7-EE33AD516F80}.Release|Any CPU.ActiveCfg = Release|Any CPU
		{7B7C3BF2-72E5-4D18-99B7-EE33AD516F80}.Release|Any CPU.Build.0 = Release|Any CPU
		{EB1E4AF8-5C13-450D-9B61-64AA11021695}.Debug|Any CPU.ActiveCfg = Debug|Any CPU
		{EB1E4AF8-5C13-450D-9B61-64AA11021695}.Debug|Any CPU.Build.0 = Debug|Any CPU
		{EB1E4AF8-5C13-450D-9B61-64AA11021695}.Release|Any CPU.ActiveCfg = Release|Any CPU
		{EB1E4AF8-5C13-450D-9B61-64AA11021695}.Release|Any CPU.Build.0 = Release|Any CPU
	EndGlobalSection
	GlobalSection(SolutionProperties) = preSolution
		HideSolutionNode = FALSE
	EndGlobalSection
	GlobalSection(NestedProjects) = preSolution
		{0D4E6714-6953-4463-A8DA-EFD9EBD0E581} = {020FD699-A91C-4AD7-9AC7-FC69BD65D51E}
		{10177DA6-386D-46E9-B991-716A67773240} = {020FD699-A91C-4AD7-9AC7-FC69BD65D51E}
		{EB1E4AF8-5C13-450D-9B61-64AA11021695} = {020FD699-A91C-4AD7-9AC7-FC69BD65D51E}
	EndGlobalSection
	GlobalSection(ExtensibilityGlobals) = postSolution
		SolutionGuid = {1E82D4BA-E134-4C4A-A48B-F02A601C59CF}
	EndGlobalSection
EndGlobal
