
Microsoft Visual Studio Solution File, Format Version 12.00
# Visual Studio Version 17
VisualStudioVersion = 17.0.31612.314
MinimumVisualStudioVersion = 10.0.40219.1
Project("{9A19103F-16F7-4668-BE54-9A1E7A4F7556}") = "Coosu.Api", "Coosu.Api\Coosu.Api.csproj", "{3108AE4A-DE35-40AE-A449-1EFB9719367D}"
EndProject
Project("{9A19103F-16F7-4668-BE54-9A1E7A4F7556}") = "Coosu.Storyboard", "Coosu.Storyboard\Coosu.Storyboard.csproj", "{F00C90FF-1F1A-45C3-BE84-EA675D026364}"
EndProject
Project("{9A19103F-16F7-4668-BE54-9A1E7A4F7556}") = "Coosu.Beatmap", "Coosu.Beatmap\Coosu.Beatmap.csproj", "{ECD686A3-083E-4BAD-967E-40F7467D7CF0}"
EndProject
Project("{9A19103F-16F7-4668-BE54-9A1E7A4F7556}") = "CoosuUnitTest", "Tests\CoosuUnitTest\CoosuUnitTest.csproj", "{0D4E6714-6953-4463-A8DA-EFD9EBD0E581}"
EndProject
Project("{9A19103F-16F7-4668-BE54-9A1E7A4F7556}") = "Coosu.Shared", "Coosu.Shared\Coosu.Shared.csproj", "{14A79D62-96D7-4A1C-92B1-5148558C1108}"
EndProject
Project("{9A19103F-16F7-4668-BE54-9A1E7A4F7556}") = "Coosu.Animation", "Coosu.Animation\Coosu.Animation.csproj", "{8C9A6BFA-FCA2-469F-A5C9-EAC668745D92}"
EndProject
Project("{9A19103F-16F7-4668-BE54-9A1E7A4F7556}") = "Coosu.Animation.WPF", "Coosu.Animation.WPF\Coosu.Animation.WPF.csproj", "{D4FE7218-975E-40FC-BDE7-67AA16AF4840}"
EndProject
Project("{9A19103F-16F7-4668-BE54-9A1E7A4F7556}") = "CoosuTest", "Tests\CoosuTest\CoosuTest.csproj", "{10177DA6-386D-46E9-B991-716A67773240}"
EndProject
Project("{9A19103F-16F7-4668-BE54-9A1E7A4F7556}") = "Coosu.Storyboard.OsbX", "Coosu.Storyboard.OsbX\Coosu.Storyboard.OsbX.csproj", "{4851D011-B66F-422B-B7E1-C12E3E0C2E22}"
EndProject
Project("{2150E333-8FDC-42A3-9474-1A3956D46DE8}") = "Tests", "Tests", "{020FD699-A91C-4AD7-9AC7-FC69BD65D51E}"
EndProject
Project("{9A19103F-16F7-4668-BE54-9A1E7A4F7556}") = "Coosu.Storyboard.Extensions", "Coosu.Storyboard.Extensions\Coosu.Storyboard.Extensions.csproj", "{7B7C3BF2-72E5-4D18-99B7-EE33AD516F80}"
EndProject
Project("{2150E333-8FDC-42A3-9474-1A3956D46DE8}") = "Libraries", "Libraries", "{B51D984D-1E6F-4A3B-9F61-7477656719A3}"
EndProject
Project("{9A19103F-16F7-4668-BE54-9A1E7A4F7556}") = "common", "Libraries\storybrew\common\common.csproj", "{F0EDCCEC-4B64-4CE8-801F-1377E3384DC4}"
EndProject
Project("{2150E333-8FDC-42A3-9474-1A3956D46DE8}") = "storybrew", "storybrew", "{AC79D886-F89C-4D06-B7BA-B9433F00FEF3}"
EndProject
Project("{9A19103F-16F7-4668-BE54-9A1E7A4F7556}") = "editor", "Libraries\storybrew\editor\editor.csproj", "{FF59AEEA-C133-4BF8-8A0B-620A3C99022B}"
EndProject
Project("{9A19103F-16F7-4668-BE54-9A1E7A4F7556}") = "scripts", "Libraries\storybrew\scripts\scripts.csproj", "{1C15241D-4AA0-4ABE-923A-E1FDFE5B8FE5}"
EndProject
Project("{2150E333-8FDC-42A3-9474-1A3956D46DE8}") = "brewlib", "brewlib", "{A685D13D-EEBB-4696-B127-FFA988D817E5}"
EndProject
Project("{9A19103F-16F7-4668-BE54-9A1E7A4F7556}") = "brewlib", "Libraries\storybrew\brewlib\brewlib.csproj", "{A4F7CC21-B769-424B-AB59-89E93D781762}"
EndProject
Project("{9A19103F-16F7-4668-BE54-9A1E7A4F7556}") = "Coosu.Storyboard.Storybrew", "Coosu.Storyboard.Storybrew\Coosu.Storyboard.Storybrew.csproj", "{D5A46300-D64D-42A0-B8AD-620FCF2398F8}"
EndProject
Project("{9A19103F-16F7-4668-BE54-9A1E7A4F7556}") = "StorybrewScriptTest", "Tests\StorybrewScriptTest\StorybrewScriptTest.csproj", "{E304F42F-8518-4C59-B918-1D025C6BCD9B}"
EndProject
Project("{9A19103F-16F7-4668-BE54-9A1E7A4F7556}") = "TextWpfTest", "Tests\TextWpfTest\TextWpfTest.csproj", "{8CAEC15B-C36D-45B2-A7DE-2B8B6E756158}"
EndProject
Project("{9A19103F-16F7-4668-BE54-9A1E7A4F7556}") = "RoslynTest", "Tests\RoslynTest\RoslynTest.csproj", "{FB0F0960-A3BB-4C26-8B15-0B9147C61EDE}"
EndProject
Project("{2150E333-8FDC-42A3-9474-1A3956D46DE8}") = "Benchmarks", "Benchmarks", "{91EF2168-FEDF-406B-86D7-BA6177977D5E}"
EndProject
Project("{9A19103F-16F7-4668-BE54-9A1E7A4F7556}") = "AnalyzeTypeBenchmark", "Benchmarks\AnalyzeTypeBenchmark\AnalyzeTypeBenchmark.csproj", "{0EE9BE69-D771-4CA0-88E8-6DCB3D090567}"
EndProject
Project("{9A19103F-16F7-4668-BE54-9A1E7A4F7556}") = "ParsingPerformanceTest", "Benchmarks\ParsingPerformanceTest\ParsingPerformanceTest.csproj", "{CAF6BD42-272F-45FF-88E0-0B868E7EEBCB}"
EndProject
Project("{9A19103F-16F7-4668-BE54-9A1E7A4F7556}") = "SplitBenchmark", "Benchmarks\SplitBenchmark\SplitBenchmark.csproj", "{211093C9-0F92-447F-8D1A-53A36D07384E}"
EndProject
Project("{9A19103F-16F7-4668-BE54-9A1E7A4F7556}") = "WritingOsuBenchmark", "Benchmarks\WritingOsuBenchmark\WritingOsuBenchmark.csproj", "{57A7FAA7-5179-48D7-B10A-E4FFE6A7521B}"
EndProject
Global
	GlobalSection(SolutionConfigurationPlatforms) = preSolution
		Build|Any CPU = Build|Any CPU
		Debug|Any CPU = Debug|Any CPU
		Release|Any CPU = Release|Any CPU
	EndGlobalSection
	GlobalSection(ProjectConfigurationPlatforms) = postSolution
		{3108AE4A-DE35-40AE-A449-1EFB9719367D}.Build|Any CPU.ActiveCfg = Release|Any CPU
		{3108AE4A-DE35-40AE-A449-1EFB9719367D}.Build|Any CPU.Build.0 = Release|Any CPU
		{3108AE4A-DE35-40AE-A449-1EFB9719367D}.Debug|Any CPU.ActiveCfg = Debug|Any CPU
		{3108AE4A-DE35-40AE-A449-1EFB9719367D}.Debug|Any CPU.Build.0 = Debug|Any CPU
		{3108AE4A-DE35-40AE-A449-1EFB9719367D}.Release|Any CPU.ActiveCfg = Release|Any CPU
		{3108AE4A-DE35-40AE-A449-1EFB9719367D}.Release|Any CPU.Build.0 = Release|Any CPU
		{F00C90FF-1F1A-45C3-BE84-EA675D026364}.Build|Any CPU.ActiveCfg = Release|Any CPU
		{F00C90FF-1F1A-45C3-BE84-EA675D026364}.Build|Any CPU.Build.0 = Release|Any CPU
		{F00C90FF-1F1A-45C3-BE84-EA675D026364}.Debug|Any CPU.ActiveCfg = Debug|Any CPU
		{F00C90FF-1F1A-45C3-BE84-EA675D026364}.Debug|Any CPU.Build.0 = Debug|Any CPU
		{F00C90FF-1F1A-45C3-BE84-EA675D026364}.Release|Any CPU.ActiveCfg = Release|Any CPU
		{F00C90FF-1F1A-45C3-BE84-EA675D026364}.Release|Any CPU.Build.0 = Release|Any CPU
		{ECD686A3-083E-4BAD-967E-40F7467D7CF0}.Build|Any CPU.ActiveCfg = Release|Any CPU
		{ECD686A3-083E-4BAD-967E-40F7467D7CF0}.Build|Any CPU.Build.0 = Release|Any CPU
		{ECD686A3-083E-4BAD-967E-40F7467D7CF0}.Debug|Any CPU.ActiveCfg = Debug|Any CPU
		{ECD686A3-083E-4BAD-967E-40F7467D7CF0}.Debug|Any CPU.Build.0 = Debug|Any CPU
		{ECD686A3-083E-4BAD-967E-40F7467D7CF0}.Release|Any CPU.ActiveCfg = Release|Any CPU
		{ECD686A3-083E-4BAD-967E-40F7467D7CF0}.Release|Any CPU.Build.0 = Release|Any CPU
		{0D4E6714-6953-4463-A8DA-EFD9EBD0E581}.Build|Any CPU.ActiveCfg = Release|Any CPU
		{0D4E6714-6953-4463-A8DA-EFD9EBD0E581}.Build|Any CPU.Build.0 = Release|Any CPU
		{0D4E6714-6953-4463-A8DA-EFD9EBD0E581}.Debug|Any CPU.ActiveCfg = Debug|Any CPU
		{0D4E6714-6953-4463-A8DA-EFD9EBD0E581}.Debug|Any CPU.Build.0 = Debug|Any CPU
		{0D4E6714-6953-4463-A8DA-EFD9EBD0E581}.Release|Any CPU.ActiveCfg = Release|Any CPU
		{0D4E6714-6953-4463-A8DA-EFD9EBD0E581}.Release|Any CPU.Build.0 = Release|Any CPU
		{14A79D62-96D7-4A1C-92B1-5148558C1108}.Build|Any CPU.ActiveCfg = Release|Any CPU
		{14A79D62-96D7-4A1C-92B1-5148558C1108}.Build|Any CPU.Build.0 = Release|Any CPU
		{14A79D62-96D7-4A1C-92B1-5148558C1108}.Debug|Any CPU.ActiveCfg = Debug|Any CPU
		{14A79D62-96D7-4A1C-92B1-5148558C1108}.Debug|Any CPU.Build.0 = Debug|Any CPU
		{14A79D62-96D7-4A1C-92B1-5148558C1108}.Release|Any CPU.ActiveCfg = Release|Any CPU
		{14A79D62-96D7-4A1C-92B1-5148558C1108}.Release|Any CPU.Build.0 = Release|Any CPU
		{8C9A6BFA-FCA2-469F-A5C9-EAC668745D92}.Build|Any CPU.ActiveCfg = Release|Any CPU
		{8C9A6BFA-FCA2-469F-A5C9-EAC668745D92}.Build|Any CPU.Build.0 = Release|Any CPU
		{8C9A6BFA-FCA2-469F-A5C9-EAC668745D92}.Debug|Any CPU.ActiveCfg = Debug|Any CPU
		{8C9A6BFA-FCA2-469F-A5C9-EAC668745D92}.Debug|Any CPU.Build.0 = Debug|Any CPU
		{8C9A6BFA-FCA2-469F-A5C9-EAC668745D92}.Release|Any CPU.ActiveCfg = Release|Any CPU
		{8C9A6BFA-FCA2-469F-A5C9-EAC668745D92}.Release|Any CPU.Build.0 = Release|Any CPU
		{D4FE7218-975E-40FC-BDE7-67AA16AF4840}.Build|Any CPU.ActiveCfg = Release|Any CPU
		{D4FE7218-975E-40FC-BDE7-67AA16AF4840}.Build|Any CPU.Build.0 = Release|Any CPU
		{D4FE7218-975E-40FC-BDE7-67AA16AF4840}.Debug|Any CPU.ActiveCfg = Debug|Any CPU
		{D4FE7218-975E-40FC-BDE7-67AA16AF4840}.Debug|Any CPU.Build.0 = Debug|Any CPU
		{D4FE7218-975E-40FC-BDE7-67AA16AF4840}.Release|Any CPU.ActiveCfg = Release|Any CPU
		{D4FE7218-975E-40FC-BDE7-67AA16AF4840}.Release|Any CPU.Build.0 = Release|Any CPU
		{10177DA6-386D-46E9-B991-716A67773240}.Build|Any CPU.ActiveCfg = Release|Any CPU
		{10177DA6-386D-46E9-B991-716A67773240}.Build|Any CPU.Build.0 = Release|Any CPU
		{10177DA6-386D-46E9-B991-716A67773240}.Debug|Any CPU.ActiveCfg = Debug|Any CPU
		{10177DA6-386D-46E9-B991-716A67773240}.Debug|Any CPU.Build.0 = Debug|Any CPU
		{10177DA6-386D-46E9-B991-716A67773240}.Release|Any CPU.ActiveCfg = Release|Any CPU
		{10177DA6-386D-46E9-B991-716A67773240}.Release|Any CPU.Build.0 = Release|Any CPU
		{4851D011-B66F-422B-B7E1-C12E3E0C2E22}.Build|Any CPU.ActiveCfg = Release|Any CPU
		{4851D011-B66F-422B-B7E1-C12E3E0C2E22}.Build|Any CPU.Build.0 = Release|Any CPU
		{4851D011-B66F-422B-B7E1-C12E3E0C2E22}.Debug|Any CPU.ActiveCfg = Debug|Any CPU
		{4851D011-B66F-422B-B7E1-C12E3E0C2E22}.Debug|Any CPU.Build.0 = Debug|Any CPU
		{4851D011-B66F-422B-B7E1-C12E3E0C2E22}.Release|Any CPU.ActiveCfg = Release|Any CPU
		{4851D011-B66F-422B-B7E1-C12E3E0C2E22}.Release|Any CPU.Build.0 = Release|Any CPU
		{7B7C3BF2-72E5-4D18-99B7-EE33AD516F80}.Build|Any CPU.ActiveCfg = Release|Any CPU
		{7B7C3BF2-72E5-4D18-99B7-EE33AD516F80}.Build|Any CPU.Build.0 = Release|Any CPU
		{7B7C3BF2-72E5-4D18-99B7-EE33AD516F80}.Debug|Any CPU.ActiveCfg = Debug|Any CPU
		{7B7C3BF2-72E5-4D18-99B7-EE33AD516F80}.Debug|Any CPU.Build.0 = Debug|Any CPU
		{7B7C3BF2-72E5-4D18-99B7-EE33AD516F80}.Release|Any CPU.ActiveCfg = Release|Any CPU
		{7B7C3BF2-72E5-4D18-99B7-EE33AD516F80}.Release|Any CPU.Build.0 = Release|Any CPU
		{F0EDCCEC-4B64-4CE8-801F-1377E3384DC4}.Build|Any CPU.ActiveCfg = Build|Any CPU
		{F0EDCCEC-4B64-4CE8-801F-1377E3384DC4}.Build|Any CPU.Build.0 = Build|Any CPU
		{F0EDCCEC-4B64-4CE8-801F-1377E3384DC4}.Debug|Any CPU.ActiveCfg = Debug|Any CPU
		{F0EDCCEC-4B64-4CE8-801F-1377E3384DC4}.Debug|Any CPU.Build.0 = Debug|Any CPU
		{F0EDCCEC-4B64-4CE8-801F-1377E3384DC4}.Release|Any CPU.ActiveCfg = Release|Any CPU
		{F0EDCCEC-4B64-4CE8-801F-1377E3384DC4}.Release|Any CPU.Build.0 = Release|Any CPU
		{FF59AEEA-C133-4BF8-8A0B-620A3C99022B}.Build|Any CPU.ActiveCfg = Build|Any CPU
		{FF59AEEA-C133-4BF8-8A0B-620A3C99022B}.Build|Any CPU.Build.0 = Build|Any CPU
		{FF59AEEA-C133-4BF8-8A0B-620A3C99022B}.Debug|Any CPU.ActiveCfg = Debug|Any CPU
		{FF59AEEA-C133-4BF8-8A0B-620A3C99022B}.Debug|Any CPU.Build.0 = Debug|Any CPU
		{FF59AEEA-C133-4BF8-8A0B-620A3C99022B}.Release|Any CPU.ActiveCfg = Release|Any CPU
		{FF59AEEA-C133-4BF8-8A0B-620A3C99022B}.Release|Any CPU.Build.0 = Release|Any CPU
		{1C15241D-4AA0-4ABE-923A-E1FDFE5B8FE5}.Build|Any CPU.ActiveCfg = Build|Any CPU
		{1C15241D-4AA0-4ABE-923A-E1FDFE5B8FE5}.Build|Any CPU.Build.0 = Build|Any CPU
		{1C15241D-4AA0-4ABE-923A-E1FDFE5B8FE5}.Debug|Any CPU.ActiveCfg = Debug|Any CPU
		{1C15241D-4AA0-4ABE-923A-E1FDFE5B8FE5}.Debug|Any CPU.Build.0 = Debug|Any CPU
		{1C15241D-4AA0-4ABE-923A-E1FDFE5B8FE5}.Release|Any CPU.ActiveCfg = Release|Any CPU
		{1C15241D-4AA0-4ABE-923A-E1FDFE5B8FE5}.Release|Any CPU.Build.0 = Release|Any CPU
		{A4F7CC21-B769-424B-AB59-89E93D781762}.Build|Any CPU.ActiveCfg = Debug|Any CPU
		{A4F7CC21-B769-424B-AB59-89E93D781762}.Build|Any CPU.Build.0 = Debug|Any CPU
		{A4F7CC21-B769-424B-AB59-89E93D781762}.Debug|Any CPU.ActiveCfg = Debug|Any CPU
		{A4F7CC21-B769-424B-AB59-89E93D781762}.Debug|Any CPU.Build.0 = Debug|Any CPU
		{A4F7CC21-B769-424B-AB59-89E93D781762}.Release|Any CPU.ActiveCfg = Release|Any CPU
		{A4F7CC21-B769-424B-AB59-89E93D781762}.Release|Any CPU.Build.0 = Release|Any CPU
		{D5A46300-D64D-42A0-B8AD-620FCF2398F8}.Build|Any CPU.ActiveCfg = Debug|Any CPU
		{D5A46300-D64D-42A0-B8AD-620FCF2398F8}.Build|Any CPU.Build.0 = Debug|Any CPU
		{D5A46300-D64D-42A0-B8AD-620FCF2398F8}.Debug|Any CPU.ActiveCfg = Debug|Any CPU
		{D5A46300-D64D-42A0-B8AD-620FCF2398F8}.Debug|Any CPU.Build.0 = Debug|Any CPU
		{D5A46300-D64D-42A0-B8AD-620FCF2398F8}.Release|Any CPU.ActiveCfg = Release|Any CPU
		{D5A46300-D64D-42A0-B8AD-620FCF2398F8}.Release|Any CPU.Build.0 = Release|Any CPU
		{E304F42F-8518-4C59-B918-1D025C6BCD9B}.Build|Any CPU.ActiveCfg = Debug|Any CPU
		{E304F42F-8518-4C59-B918-1D025C6BCD9B}.Build|Any CPU.Build.0 = Debug|Any CPU
		{E304F42F-8518-4C59-B918-1D025C6BCD9B}.Debug|Any CPU.ActiveCfg = Debug|Any CPU
		{E304F42F-8518-4C59-B918-1D025C6BCD9B}.Debug|Any CPU.Build.0 = Debug|Any CPU
		{E304F42F-8518-4C59-B918-1D025C6BCD9B}.Release|Any CPU.ActiveCfg = Release|Any CPU
		{E304F42F-8518-4C59-B918-1D025C6BCD9B}.Release|Any CPU.Build.0 = Release|Any CPU
		{8CAEC15B-C36D-45B2-A7DE-2B8B6E756158}.Build|Any CPU.ActiveCfg = Debug|Any CPU
		{8CAEC15B-C36D-45B2-A7DE-2B8B6E756158}.Build|Any CPU.Build.0 = Debug|Any CPU
		{8CAEC15B-C36D-45B2-A7DE-2B8B6E756158}.Debug|Any CPU.ActiveCfg = Debug|Any CPU
		{8CAEC15B-C36D-45B2-A7DE-2B8B6E756158}.Debug|Any CPU.Build.0 = Debug|Any CPU
		{8CAEC15B-C36D-45B2-A7DE-2B8B6E756158}.Release|Any CPU.ActiveCfg = Release|Any CPU
		{8CAEC15B-C36D-45B2-A7DE-2B8B6E756158}.Release|Any CPU.Build.0 = Release|Any CPU
		{FB0F0960-A3BB-4C26-8B15-0B9147C61EDE}.Build|Any CPU.ActiveCfg = Debug|Any CPU
		{FB0F0960-A3BB-4C26-8B15-0B9147C61EDE}.Build|Any CPU.Build.0 = Debug|Any CPU
		{FB0F0960-A3BB-4C26-8B15-0B9147C61EDE}.Debug|Any CPU.ActiveCfg = Debug|Any CPU
		{FB0F0960-A3BB-4C26-8B15-0B9147C61EDE}.Debug|Any CPU.Build.0 = Debug|Any CPU
		{FB0F0960-A3BB-4C26-8B15-0B9147C61EDE}.Release|Any CPU.ActiveCfg = Release|Any CPU
		{FB0F0960-A3BB-4C26-8B15-0B9147C61EDE}.Release|Any CPU.Build.0 = Release|Any CPU
		{0EE9BE69-D771-4CA0-88E8-6DCB3D090567}.Build|Any CPU.ActiveCfg = Debug|Any CPU
		{0EE9BE69-D771-4CA0-88E8-6DCB3D090567}.Build|Any CPU.Build.0 = Debug|Any CPU
		{0EE9BE69-D771-4CA0-88E8-6DCB3D090567}.Debug|Any CPU.ActiveCfg = Debug|Any CPU
		{0EE9BE69-D771-4CA0-88E8-6DCB3D090567}.Debug|Any CPU.Build.0 = Debug|Any CPU
		{0EE9BE69-D771-4CA0-88E8-6DCB3D090567}.Release|Any CPU.ActiveCfg = Release|Any CPU
		{0EE9BE69-D771-4CA0-88E8-6DCB3D090567}.Release|Any CPU.Build.0 = Release|Any CPU
		{CAF6BD42-272F-45FF-88E0-0B868E7EEBCB}.Build|Any CPU.ActiveCfg = Debug|Any CPU
		{CAF6BD42-272F-45FF-88E0-0B868E7EEBCB}.Build|Any CPU.Build.0 = Debug|Any CPU
		{CAF6BD42-272F-45FF-88E0-0B868E7EEBCB}.Debug|Any CPU.ActiveCfg = Debug|Any CPU
		{CAF6BD42-272F-45FF-88E0-0B868E7EEBCB}.Debug|Any CPU.Build.0 = Debug|Any CPU
		{CAF6BD42-272F-45FF-88E0-0B868E7EEBCB}.Release|Any CPU.ActiveCfg = Release|Any CPU
		{CAF6BD42-272F-45FF-88E0-0B868E7EEBCB}.Release|Any CPU.Build.0 = Release|Any CPU
		{211093C9-0F92-447F-8D1A-53A36D07384E}.Build|Any CPU.ActiveCfg = Debug|Any CPU
		{211093C9-0F92-447F-8D1A-53A36D07384E}.Build|Any CPU.Build.0 = Debug|Any CPU
		{211093C9-0F92-447F-8D1A-53A36D07384E}.Debug|Any CPU.ActiveCfg = Debug|Any CPU
		{211093C9-0F92-447F-8D1A-53A36D07384E}.Debug|Any CPU.Build.0 = Debug|Any CPU
		{211093C9-0F92-447F-8D1A-53A36D07384E}.Release|Any CPU.ActiveCfg = Release|Any CPU
		{211093C9-0F92-447F-8D1A-53A36D07384E}.Release|Any CPU.Build.0 = Release|Any CPU
		{57A7FAA7-5179-48D7-B10A-E4FFE6A7521B}.Build|Any CPU.ActiveCfg = Debug|Any CPU
		{57A7FAA7-5179-48D7-B10A-E4FFE6A7521B}.Build|Any CPU.Build.0 = Debug|Any CPU
		{57A7FAA7-5179-48D7-B10A-E4FFE6A7521B}.Debug|Any CPU.ActiveCfg = Debug|Any CPU
		{57A7FAA7-5179-48D7-B10A-E4FFE6A7521B}.Debug|Any CPU.Build.0 = Debug|Any CPU
		{57A7FAA7-5179-48D7-B10A-E4FFE6A7521B}.Release|Any CPU.ActiveCfg = Release|Any CPU
		{57A7FAA7-5179-48D7-B10A-E4FFE6A7521B}.Release|Any CPU.Build.0 = Release|Any CPU
	EndGlobalSection
	GlobalSection(SolutionProperties) = preSolution
		HideSolutionNode = FALSE
	EndGlobalSection
	GlobalSection(NestedProjects) = preSolution
		{0D4E6714-6953-4463-A8DA-EFD9EBD0E581} = {020FD699-A91C-4AD7-9AC7-FC69BD65D51E}
		{10177DA6-386D-46E9-B991-716A67773240} = {020FD699-A91C-4AD7-9AC7-FC69BD65D51E}
		{F0EDCCEC-4B64-4CE8-801F-1377E3384DC4} = {AC79D886-F89C-4D06-B7BA-B9433F00FEF3}
		{AC79D886-F89C-4D06-B7BA-B9433F00FEF3} = {B51D984D-1E6F-4A3B-9F61-7477656719A3}
		{FF59AEEA-C133-4BF8-8A0B-620A3C99022B} = {AC79D886-F89C-4D06-B7BA-B9433F00FEF3}
		{1C15241D-4AA0-4ABE-923A-E1FDFE5B8FE5} = {AC79D886-F89C-4D06-B7BA-B9433F00FEF3}
		{A685D13D-EEBB-4696-B127-FFA988D817E5} = {AC79D886-F89C-4D06-B7BA-B9433F00FEF3}
		{A4F7CC21-B769-424B-AB59-89E93D781762} = {A685D13D-EEBB-4696-B127-FFA988D817E5}
		{E304F42F-8518-4C59-B918-1D025C6BCD9B} = {020FD699-A91C-4AD7-9AC7-FC69BD65D51E}
		{8CAEC15B-C36D-45B2-A7DE-2B8B6E756158} = {020FD699-A91C-4AD7-9AC7-FC69BD65D51E}
		{FB0F0960-A3BB-4C26-8B15-0B9147C61EDE} = {020FD699-A91C-4AD7-9AC7-FC69BD65D51E}
		{0EE9BE69-D771-4CA0-88E8-6DCB3D090567} = {91EF2168-FEDF-406B-86D7-BA6177977D5E}
		{CAF6BD42-272F-45FF-88E0-0B868E7EEBCB} = {91EF2168-FEDF-406B-86D7-BA6177977D5E}
		{211093C9-0F92-447F-8D1A-53A36D07384E} = {91EF2168-FEDF-406B-86D7-BA6177977D5E}
		{57A7FAA7-5179-48D7-B10A-E4FFE6A7521B} = {91EF2168-FEDF-406B-86D7-BA6177977D5E}
	EndGlobalSection
	GlobalSection(ExtensibilityGlobals) = postSolution
		SolutionGuid = {1E82D4BA-E134-4C4A-A48B-F02A601C59CF}
	EndGlobalSection
EndGlobal
