
Microsoft Visual Studio Solution File, Format Version 12.00
# Visual Studio Version 16
VisualStudioVersion = 16.0.30128.74
MinimumVisualStudioVersion = 10.0.40219.1
Project("{FAE04EC0-301F-11D3-BF4B-00C04F79EFBC}") = "OSharp.Beatmap", "OSharp.Beatmap\OSharp.Beatmap.csproj", "{E48044A2-0B97-4738-B6E3-F2B826FA2443}"
EndProject
Project("{FAE04EC0-301F-11D3-BF4B-00C04F79EFBC}") = "OSharp.Shared", "OSharp.Shared\OSharp.Shared.csproj", "{28283079-FC3C-44E9-A9C4-BA9B4E048B40}"
EndProject
Project("{FAE04EC0-301F-11D3-BF4B-00C04F79EFBC}") = "OSharp.Storyboard", "OSharp.Storyboard\OSharp.Storyboard.csproj", "{69988902-70FE-4F43-9A8E-9FBE19CB220E}"
EndProject
Project("{FAE04EC0-301F-11D3-BF4B-00C04F79EFBC}") = "OSharp.Api", "OSharp.Api\OSharp.Api.csproj", "{9B506299-8F89-44AC-9590-3FA94D22B6C1}"
EndProject
Global
	GlobalSection(SolutionConfigurationPlatforms) = preSolution
		Debug|Any CPU = Debug|Any CPU
		Release|Any CPU = Release|Any CPU
	EndGlobalSection
	GlobalSection(ProjectConfigurationPlatforms) = postSolution
		{E48044A2-0B97-4738-B6E3-F2B826FA2443}.Debug|Any CPU.ActiveCfg = Debug|Any CPU
		{E48044A2-0B97-4738-B6E3-F2B826FA2443}.Debug|Any CPU.Build.0 = Debug|Any CPU
		{E48044A2-0B97-4738-B6E3-F2B826FA2443}.Release|Any CPU.ActiveCfg = Release|Any CPU
		{E48044A2-0B97-4738-B6E3-F2B826FA2443}.Release|Any CPU.Build.0 = Release|Any CPU
		{28283079-FC3C-44E9-A9C4-BA9B4E048B40}.Debug|Any CPU.ActiveCfg = Debug|Any CPU
		{28283079-FC3C-44E9-A9C4-BA9B4E048B40}.Debug|Any CPU.Build.0 = Debug|Any CPU
		{28283079-FC3C-44E9-A9C4-BA9B4E048B40}.Release|Any CPU.ActiveCfg = Release|Any CPU
		{28283079-FC3C-44E9-A9C4-BA9B4E048B40}.Release|Any CPU.Build.0 = Release|Any CPU
		{69988902-70FE-4F43-9A8E-9FBE19CB220E}.Debug|Any CPU.ActiveCfg = Debug|Any CPU
		{69988902-70FE-4F43-9A8E-9FBE19CB220E}.Debug|Any CPU.Build.0 = Debug|Any CPU
		{69988902-70FE-4F43-9A8E-9FBE19CB220E}.Release|Any CPU.ActiveCfg = Release|Any CPU
		{69988902-70FE-4F43-9A8E-9FBE19CB220E}.Release|Any CPU.Build.0 = Release|Any CPU
		{9B506299-8F89-44AC-9590-3FA94D22B6C1}.Debug|Any CPU.ActiveCfg = Debug|Any CPU
		{9B506299-8F89-44AC-9590-3FA94D22B6C1}.Debug|Any CPU.Build.0 = Debug|Any CPU
		{9B506299-8F89-44AC-9590-3FA94D22B6C1}.Release|Any CPU.ActiveCfg = Release|Any CPU
		{9B506299-8F89-44AC-9590-3FA94D22B6C1}.Release|Any CPU.Build.0 = Release|Any CPU
	EndGlobalSection
	GlobalSection(SolutionProperties) = preSolution
		HideSolutionNode = FALSE
	EndGlobalSection
	GlobalSection(ExtensibilityGlobals) = postSolution
		SolutionGuid = {888055DC-20B1-4473-9C40-AEF48FA28465}
	EndGlobalSection
EndGlobal
